// !$*UTF8*$!
{
	archiveVersion = 1;
	classes = {
	};
	objectVersion = 56;
	objects = {

/* Begin PBXBuildFile section */
		320379202993799800186CE8 /* MainPage.swift in Sources */ = {isa = PBXBuildFile; fileRef = 3203791F2993799800186CE8 /* MainPage.swift */; };
		32449AAD299B697D00C22873 /* GameModel.swift in Sources */ = {isa = PBXBuildFile; fileRef = 32449AAC299B697D00C22873 /* GameModel.swift */; };
		32449AAF299B6DF600C22873 /* GameTopics.swift in Sources */ = {isa = PBXBuildFile; fileRef = 32449AAE299B6DF600C22873 /* GameTopics.swift */; };
		D461F9D329A3576400C10216 /* Localizable.strings in Resources */ = {isa = PBXBuildFile; fileRef = D461F9D529A3576400C10216 /* Localizable.strings */; };
		D48DB7892998ED2200B0ED60 /* referencePage.swift in Sources */ = {isa = PBXBuildFile; fileRef = D48DB7882998ED2200B0ED60 /* referencePage.swift */; };
		D4CC9FA42994D91A00B79B3C /* QuizModel.swift in Sources */ = {isa = PBXBuildFile; fileRef = D4CC9FA32994D91A00B79B3C /* QuizModel.swift */; };
		D4CC9FA62994DC7300B79B3C /* QuizPage.swift in Sources */ = {isa = PBXBuildFile; fileRef = D4CC9FA52994DC7300B79B3C /* QuizPage.swift */; };
		D4CC9FA92994DDFD00B79B3C /* GameManagerVM.swift in Sources */ = {isa = PBXBuildFile; fileRef = D4CC9FA82994DDFD00B79B3C /* GameManagerVM.swift */; };
		D4CC9FAC2994E74A00B79B3C /* reusableText.swift in Sources */ = {isa = PBXBuildFile; fileRef = D4CC9FAB2994E74A00B79B3C /* reusableText.swift */; };
		D4CC9FAE2994E7CB00B79B3C /* OptionsGridView.swift in Sources */ = {isa = PBXBuildFile; fileRef = D4CC9FAD2994E7CB00B79B3C /* OptionsGridView.swift */; };
		D4CC9FB02995142B00B79B3C /* QuizCompletedView.swift in Sources */ = {isa = PBXBuildFile; fileRef = D4CC9FAF2995142B00B79B3C /* QuizCompletedView.swift */; };
		D4CC9FB3299530BB00B79B3C /* gameQuestions.swift in Sources */ = {isa = PBXBuildFile; fileRef = D4CC9FB2299530BB00B79B3C /* gameQuestions.swift */; };
		D4CF162029923BEA003922AD /* iHeroApp.swift in Sources */ = {isa = PBXBuildFile; fileRef = D4CF161F29923BEA003922AD /* iHeroApp.swift */; };
		D4CF162229923BEA003922AD /* ContentView.swift in Sources */ = {isa = PBXBuildFile; fileRef = D4CF162129923BEA003922AD /* ContentView.swift */; };
		D4CF162429923BEB003922AD /* Assets.xcassets in Resources */ = {isa = PBXBuildFile; fileRef = D4CF162329923BEB003922AD /* Assets.xcassets */; };
		D4CF162729923BEB003922AD /* Preview Assets.xcassets in Resources */ = {isa = PBXBuildFile; fileRef = D4CF162629923BEB003922AD /* Preview Assets.xcassets */; };
		D4CF162929923BEB003922AD /* Persistence.swift in Sources */ = {isa = PBXBuildFile; fileRef = D4CF162829923BEB003922AD /* Persistence.swift */; };
		D4CF162C29923BEB003922AD /* iHero.xcdatamodeld in Sources */ = {isa = PBXBuildFile; fileRef = D4CF162A29923BEB003922AD /* iHero.xcdatamodeld */; };
		E050A6EF299FF970005C6ADB /* SplashScreenView.swift in Sources */ = {isa = PBXBuildFile; fileRef = E050A6EE299FF970005C6ADB /* SplashScreenView.swift */; };
		F4C9AC3A299E256D0039A986 /* SingleOnboardingView.swift in Sources */ = {isa = PBXBuildFile; fileRef = F4C9AC39299E256D0039A986 /* SingleOnboardingView.swift */; };
		F4C9AC3C299E25EE0039A986 /* onboardingView.swift in Sources */ = {isa = PBXBuildFile; fileRef = F4C9AC3B299E25EE0039A986 /* onboardingView.swift */; };
		F4C9AC3E299E264E0039A986 /* Sheet.swift in Sources */ = {isa = PBXBuildFile; fileRef = F4C9AC3D299E264E0039A986 /* Sheet.swift */; };
/* End PBXBuildFile section */

/* Begin PBXFileReference section */
		3203791F2993799800186CE8 /* MainPage.swift */ = {isa = PBXFileReference; lastKnownFileType = sourcecode.swift; path = MainPage.swift; sourceTree = "<group>"; };
		32449AAC299B697D00C22873 /* GameModel.swift */ = {isa = PBXFileReference; lastKnownFileType = sourcecode.swift; path = GameModel.swift; sourceTree = "<group>"; };
		32449AAE299B6DF600C22873 /* GameTopics.swift */ = {isa = PBXFileReference; lastKnownFileType = sourcecode.swift; path = GameTopics.swift; sourceTree = "<group>"; };
		D461F9D429A3576400C10216 /* ar */ = {isa = PBXFileReference; lastKnownFileType = text.plist.strings; name = ar; path = ar.lproj/Localizable.strings; sourceTree = "<group>"; };
		D48DB7882998ED2200B0ED60 /* referencePage.swift */ = {isa = PBXFileReference; lastKnownFileType = sourcecode.swift; path = referencePage.swift; sourceTree = "<group>"; };
		D4CC9FA32994D91A00B79B3C /* QuizModel.swift */ = {isa = PBXFileReference; lastKnownFileType = sourcecode.swift; path = QuizModel.swift; sourceTree = "<group>"; };
		D4CC9FA52994DC7300B79B3C /* QuizPage.swift */ = {isa = PBXFileReference; lastKnownFileType = sourcecode.swift; path = QuizPage.swift; sourceTree = "<group>"; };
		D4CC9FA82994DDFD00B79B3C /* GameManagerVM.swift */ = {isa = PBXFileReference; lastKnownFileType = sourcecode.swift; path = GameManagerVM.swift; sourceTree = "<group>"; };
		D4CC9FAB2994E74A00B79B3C /* reusableText.swift */ = {isa = PBXFileReference; lastKnownFileType = sourcecode.swift; path = reusableText.swift; sourceTree = "<group>"; };
		D4CC9FAD2994E7CB00B79B3C /* OptionsGridView.swift */ = {isa = PBXFileReference; lastKnownFileType = sourcecode.swift; path = OptionsGridView.swift; sourceTree = "<group>"; };
		D4CC9FAF2995142B00B79B3C /* QuizCompletedView.swift */ = {isa = PBXFileReference; lastKnownFileType = sourcecode.swift; path = QuizCompletedView.swift; sourceTree = "<group>"; };
		D4CC9FB2299530BB00B79B3C /* gameQuestions.swift */ = {isa = PBXFileReference; lastKnownFileType = sourcecode.swift; path = gameQuestions.swift; sourceTree = "<group>"; };
		D4CF161C29923BEA003922AD /* iHero.app */ = {isa = PBXFileReference; explicitFileType = wrapper.application; includeInIndex = 0; path = iHero.app; sourceTree = BUILT_PRODUCTS_DIR; };
		D4CF161F29923BEA003922AD /* iHeroApp.swift */ = {isa = PBXFileReference; lastKnownFileType = sourcecode.swift; path = iHeroApp.swift; sourceTree = "<group>"; };
		D4CF162129923BEA003922AD /* ContentView.swift */ = {isa = PBXFileReference; lastKnownFileType = sourcecode.swift; path = ContentView.swift; sourceTree = "<group>"; };
		D4CF162329923BEB003922AD /* Assets.xcassets */ = {isa = PBXFileReference; lastKnownFileType = folder.assetcatalog; path = Assets.xcassets; sourceTree = "<group>"; };
		D4CF162629923BEB003922AD /* Preview Assets.xcassets */ = {isa = PBXFileReference; lastKnownFileType = folder.assetcatalog; path = "Preview Assets.xcassets"; sourceTree = "<group>"; };
		D4CF162829923BEB003922AD /* Persistence.swift */ = {isa = PBXFileReference; lastKnownFileType = sourcecode.swift; path = Persistence.swift; sourceTree = "<group>"; };
		D4CF162B29923BEB003922AD /* iHero.xcdatamodel */ = {isa = PBXFileReference; lastKnownFileType = wrapper.xcdatamodel; path = iHero.xcdatamodel; sourceTree = "<group>"; };
		E050A6EE299FF970005C6ADB /* SplashScreenView.swift */ = {isa = PBXFileReference; lastKnownFileType = sourcecode.swift; path = SplashScreenView.swift; sourceTree = "<group>"; };
		F4C9AC39299E256D0039A986 /* SingleOnboardingView.swift */ = {isa = PBXFileReference; lastKnownFileType = sourcecode.swift; path = SingleOnboardingView.swift; sourceTree = "<group>"; };
		F4C9AC3B299E25EE0039A986 /* onboardingView.swift */ = {isa = PBXFileReference; lastKnownFileType = sourcecode.swift; path = onboardingView.swift; sourceTree = "<group>"; };
		F4C9AC3D299E264E0039A986 /* Sheet.swift */ = {isa = PBXFileReference; lastKnownFileType = sourcecode.swift; path = Sheet.swift; sourceTree = "<group>"; };
/* End PBXFileReference section */

/* Begin PBXFrameworksBuildPhase section */
		D4CF161929923BEA003922AD /* Frameworks */ = {
			isa = PBXFrameworksBuildPhase;
			buildActionMask = 2147483647;
			files = (
			);
			runOnlyForDeploymentPostprocessing = 0;
		};
/* End PBXFrameworksBuildPhase section */

/* Begin PBXGroup section */
		D4CC9FA22994D8FA00B79B3C /* models */ = {
			isa = PBXGroup;
			children = (
				D4CC9FA32994D91A00B79B3C /* QuizModel.swift */,
				32449AAC299B697D00C22873 /* GameModel.swift */,
			);
			path = models;
			sourceTree = "<group>";
		};
		D4CC9FA72994DDD100B79B3C /* ViewModels */ = {
			isa = PBXGroup;
			children = (
				D4CC9FA82994DDFD00B79B3C /* GameManagerVM.swift */,
				D4CC9FB2299530BB00B79B3C /* gameQuestions.swift */,
				32449AAE299B6DF600C22873 /* GameTopics.swift */,
			);
			path = ViewModels;
			sourceTree = "<group>";
		};
		D4CC9FAA2994E72800B79B3C /* UIComponents */ = {
			isa = PBXGroup;
			children = (
				D4CC9FAB2994E74A00B79B3C /* reusableText.swift */,
				D4CC9FAF2995142B00B79B3C /* QuizCompletedView.swift */,
				D4CC9FAD2994E7CB00B79B3C /* OptionsGridView.swift */,
			);
			path = UIComponents;
			sourceTree = "<group>";
		};
		D4CF161329923BEA003922AD = {
			isa = PBXGroup;
			children = (
				D4CF161E29923BEA003922AD /* iHero */,
				D4CF161D29923BEA003922AD /* Products */,
			);
			sourceTree = "<group>";
		};
		D4CF161D29923BEA003922AD /* Products */ = {
			isa = PBXGroup;
			children = (
				D4CF161C29923BEA003922AD /* iHero.app */,
			);
			name = Products;
			sourceTree = "<group>";
		};
		D4CF161E29923BEA003922AD /* iHero */ = {
			isa = PBXGroup;
			children = (
				D4CF161F29923BEA003922AD /* iHeroApp.swift */,
				D4CF162129923BEA003922AD /* ContentView.swift */,
				F4C9AC39299E256D0039A986 /* SingleOnboardingView.swift */,
				E050A6EE299FF970005C6ADB /* SplashScreenView.swift */,
				F4C9AC3B299E25EE0039A986 /* onboardingView.swift */,
				D48DB7882998ED2200B0ED60 /* referencePage.swift */,
				D4CC9FA52994DC7300B79B3C /* QuizPage.swift */,
				D4CC9FAA2994E72800B79B3C /* UIComponents */,
				D4CC9FA72994DDD100B79B3C /* ViewModels */,
				D4CC9FA22994D8FA00B79B3C /* models */,
				3203791F2993799800186CE8 /* MainPage.swift */,
				D4CF162829923BEB003922AD /* Persistence.swift */,
				D4CF162329923BEB003922AD /* Assets.xcassets */,
				D4CF162A29923BEB003922AD /* iHero.xcdatamodeld */,
				D4CF162529923BEB003922AD /* Preview Content */,
				D461F9D529A3576400C10216 /* Localizable.strings */,
			);
			path = iHero;
			sourceTree = "<group>";
		};
		D4CF162529923BEB003922AD /* Preview Content */ = {
			isa = PBXGroup;
			children = (
				D4CF162629923BEB003922AD /* Preview Assets.xcassets */,
				F4C9AC3D299E264E0039A986 /* Sheet.swift */,
			);
			path = "Preview Content";
			sourceTree = "<group>";
		};
/* End PBXGroup section */

/* Begin PBXNativeTarget section */
		D4CF161B29923BEA003922AD /* iHero */ = {
			isa = PBXNativeTarget;
			buildConfigurationList = D4CF162F29923BEB003922AD /* Build configuration list for PBXNativeTarget "iHero" */;
			buildPhases = (
				D4CF161829923BEA003922AD /* Sources */,
				D4CF161929923BEA003922AD /* Frameworks */,
				D4CF161A29923BEA003922AD /* Resources */,
			);
			buildRules = (
			);
			dependencies = (
			);
			name = iHero;
			productName = iHero;
			productReference = D4CF161C29923BEA003922AD /* iHero.app */;
			productType = "com.apple.product-type.application";
		};
/* End PBXNativeTarget section */

/* Begin PBXProject section */
		D4CF161429923BEA003922AD /* Project object */ = {
			isa = PBXProject;
			attributes = {
				BuildIndependentTargetsInParallel = 1;
				LastSwiftUpdateCheck = 1420;
				LastUpgradeCheck = 1420;
				TargetAttributes = {
					D4CF161B29923BEA003922AD = {
						CreatedOnToolsVersion = 14.2;
					};
				};
			};
			buildConfigurationList = D4CF161729923BEA003922AD /* Build configuration list for PBXProject "iHero" */;
			compatibilityVersion = "Xcode 14.0";
			developmentRegion = en;
			hasScannedForEncodings = 0;
			knownRegions = (
				en,
				Base,
				ar,
			);
			mainGroup = D4CF161329923BEA003922AD;
			productRefGroup = D4CF161D29923BEA003922AD /* Products */;
			projectDirPath = "";
			projectRoot = "";
			targets = (
				D4CF161B29923BEA003922AD /* iHero */,
			);
		};
/* End PBXProject section */

/* Begin PBXResourcesBuildPhase section */
		D4CF161A29923BEA003922AD /* Resources */ = {
			isa = PBXResourcesBuildPhase;
			buildActionMask = 2147483647;
			files = (
				D4CF162729923BEB003922AD /* Preview Assets.xcassets in Resources */,
				D461F9D329A3576400C10216 /* Localizable.strings in Resources */,
				D4CF162429923BEB003922AD /* Assets.xcassets in Resources */,
			);
			runOnlyForDeploymentPostprocessing = 0;
		};
/* End PBXResourcesBuildPhase section */

/* Begin PBXSourcesBuildPhase section */
		D4CF161829923BEA003922AD /* Sources */ = {
			isa = PBXSourcesBuildPhase;
			buildActionMask = 2147483647;
			files = (
				32449AAF299B6DF600C22873 /* GameTopics.swift in Sources */,
				320379202993799800186CE8 /* MainPage.swift in Sources */,
				D4CF162929923BEB003922AD /* Persistence.swift in Sources */,
				F4C9AC3E299E264E0039A986 /* Sheet.swift in Sources */,
				D4CC9FB3299530BB00B79B3C /* gameQuestions.swift in Sources */,
				D48DB7892998ED2200B0ED60 /* referencePage.swift in Sources */,
				F4C9AC3A299E256D0039A986 /* SingleOnboardingView.swift in Sources */,
				D4CC9FA92994DDFD00B79B3C /* GameManagerVM.swift in Sources */,
				32449AAD299B697D00C22873 /* GameModel.swift in Sources */,
				D4CF162C29923BEB003922AD /* iHero.xcdatamodeld in Sources */,
				D4CC9FAC2994E74A00B79B3C /* reusableText.swift in Sources */,
				E050A6EF299FF970005C6ADB /* SplashScreenView.swift in Sources */,
				D4CF162229923BEA003922AD /* ContentView.swift in Sources */,
				D4CC9FA42994D91A00B79B3C /* QuizModel.swift in Sources */,
				D4CF162029923BEA003922AD /* iHeroApp.swift in Sources */,
				D4CC9FA62994DC7300B79B3C /* QuizPage.swift in Sources */,
				F4C9AC3C299E25EE0039A986 /* onboardingView.swift in Sources */,
				D4CC9FAE2994E7CB00B79B3C /* OptionsGridView.swift in Sources */,
				D4CC9FB02995142B00B79B3C /* QuizCompletedView.swift in Sources */,
			);
			runOnlyForDeploymentPostprocessing = 0;
		};
/* End PBXSourcesBuildPhase section */

/* Begin PBXVariantGroup section */
		D461F9D529A3576400C10216 /* Localizable.strings */ = {
			isa = PBXVariantGroup;
			children = (
				D461F9D429A3576400C10216 /* ar */,
			);
			name = Localizable.strings;
			sourceTree = "<group>";
		};
/* End PBXVariantGroup section */

/* Begin XCBuildConfiguration section */
		D4CF162D29923BEB003922AD /* Debug */ = {
			isa = XCBuildConfiguration;
			buildSettings = {
				ALWAYS_SEARCH_USER_PATHS = NO;
				CLANG_ANALYZER_NONNULL = YES;
				CLANG_ANALYZER_NUMBER_OBJECT_CONVERSION = YES_AGGRESSIVE;
				CLANG_CXX_LANGUAGE_STANDARD = "gnu++20";
				CLANG_ENABLE_MODULES = YES;
				CLANG_ENABLE_OBJC_ARC = YES;
				CLANG_ENABLE_OBJC_WEAK = YES;
				CLANG_WARN_BLOCK_CAPTURE_AUTORELEASING = YES;
				CLANG_WARN_BOOL_CONVERSION = YES;
				CLANG_WARN_COMMA = YES;
				CLANG_WARN_CONSTANT_CONVERSION = YES;
				CLANG_WARN_DEPRECATED_OBJC_IMPLEMENTATIONS = YES;
				CLANG_WARN_DIRECT_OBJC_ISA_USAGE = YES_ERROR;
				CLANG_WARN_DOCUMENTATION_COMMENTS = YES;
				CLANG_WARN_EMPTY_BODY = YES;
				CLANG_WARN_ENUM_CONVERSION = YES;
				CLANG_WARN_INFINITE_RECURSION = YES;
				CLANG_WARN_INT_CONVERSION = YES;
				CLANG_WARN_NON_LITERAL_NULL_CONVERSION = YES;
				CLANG_WARN_OBJC_IMPLICIT_RETAIN_SELF = YES;
				CLANG_WARN_OBJC_LITERAL_CONVERSION = YES;
				CLANG_WARN_OBJC_ROOT_CLASS = YES_ERROR;
				CLANG_WARN_QUOTED_INCLUDE_IN_FRAMEWORK_HEADER = YES;
				CLANG_WARN_RANGE_LOOP_ANALYSIS = YES;
				CLANG_WARN_STRICT_PROTOTYPES = YES;
				CLANG_WARN_SUSPICIOUS_MOVE = YES;
				CLANG_WARN_UNGUARDED_AVAILABILITY = YES_AGGRESSIVE;
				CLANG_WARN_UNREACHABLE_CODE = YES;
				CLANG_WARN__DUPLICATE_METHOD_MATCH = YES;
				COPY_PHASE_STRIP = NO;
				DEBUG_INFORMATION_FORMAT = dwarf;
				ENABLE_STRICT_OBJC_MSGSEND = YES;
				ENABLE_TESTABILITY = YES;
				GCC_C_LANGUAGE_STANDARD = gnu11;
				GCC_DYNAMIC_NO_PIC = NO;
				GCC_NO_COMMON_BLOCKS = YES;
				GCC_OPTIMIZATION_LEVEL = 0;
				GCC_PREPROCESSOR_DEFINITIONS = (
					"DEBUG=1",
					"$(inherited)",
				);
				GCC_WARN_64_TO_32_BIT_CONVERSION = YES;
				GCC_WARN_ABOUT_RETURN_TYPE = YES_ERROR;
				GCC_WARN_UNDECLARED_SELECTOR = YES;
				GCC_WARN_UNINITIALIZED_AUTOS = YES_AGGRESSIVE;
				GCC_WARN_UNUSED_FUNCTION = YES;
				GCC_WARN_UNUSED_VARIABLE = YES;
				IPHONEOS_DEPLOYMENT_TARGET = 16.2;
				MTL_ENABLE_DEBUG_INFO = INCLUDE_SOURCE;
				MTL_FAST_MATH = YES;
				ONLY_ACTIVE_ARCH = YES;
				SDKROOT = iphoneos;
				SWIFT_ACTIVE_COMPILATION_CONDITIONS = DEBUG;
				SWIFT_OPTIMIZATION_LEVEL = "-Onone";
			};
			name = Debug;
		};
		D4CF162E29923BEB003922AD /* Release */ = {
			isa = XCBuildConfiguration;
			buildSettings = {
				ALWAYS_SEARCH_USER_PATHS = NO;
				CLANG_ANALYZER_NONNULL = YES;
				CLANG_ANALYZER_NUMBER_OBJECT_CONVERSION = YES_AGGRESSIVE;
				CLANG_CXX_LANGUAGE_STANDARD = "gnu++20";
				CLANG_ENABLE_MODULES = YES;
				CLANG_ENABLE_OBJC_ARC = YES;
				CLANG_ENABLE_OBJC_WEAK = YES;
				CLANG_WARN_BLOCK_CAPTURE_AUTORELEASING = YES;
				CLANG_WARN_BOOL_CONVERSION = YES;
				CLANG_WARN_COMMA = YES;
				CLANG_WARN_CONSTANT_CONVERSION = YES;
				CLANG_WARN_DEPRECATED_OBJC_IMPLEMENTATIONS = YES;
				CLANG_WARN_DIRECT_OBJC_ISA_USAGE = YES_ERROR;
				CLANG_WARN_DOCUMENTATION_COMMENTS = YES;
				CLANG_WARN_EMPTY_BODY = YES;
				CLANG_WARN_ENUM_CONVERSION = YES;
				CLANG_WARN_INFINITE_RECURSION = YES;
				CLANG_WARN_INT_CONVERSION = YES;
				CLANG_WARN_NON_LITERAL_NULL_CONVERSION = YES;
				CLANG_WARN_OBJC_IMPLICIT_RETAIN_SELF = YES;
				CLANG_WARN_OBJC_LITERAL_CONVERSION = YES;
				CLANG_WARN_OBJC_ROOT_CLASS = YES_ERROR;
				CLANG_WARN_QUOTED_INCLUDE_IN_FRAMEWORK_HEADER = YES;
				CLANG_WARN_RANGE_LOOP_ANALYSIS = YES;
				CLANG_WARN_STRICT_PROTOTYPES = YES;
				CLANG_WARN_SUSPICIOUS_MOVE = YES;
				CLANG_WARN_UNGUARDED_AVAILABILITY = YES_AGGRESSIVE;
				CLANG_WARN_UNREACHABLE_CODE = YES;
				CLANG_WARN__DUPLICATE_METHOD_MATCH = YES;
				COPY_PHASE_STRIP = NO;
				DEBUG_INFORMATION_FORMAT = "dwarf-with-dsym";
				ENABLE_NS_ASSERTIONS = NO;
				ENABLE_STRICT_OBJC_MSGSEND = YES;
				GCC_C_LANGUAGE_STANDARD = gnu11;
				GCC_NO_COMMON_BLOCKS = YES;
				GCC_WARN_64_TO_32_BIT_CONVERSION = YES;
				GCC_WARN_ABOUT_RETURN_TYPE = YES_ERROR;
				GCC_WARN_UNDECLARED_SELECTOR = YES;
				GCC_WARN_UNINITIALIZED_AUTOS = YES_AGGRESSIVE;
				GCC_WARN_UNUSED_FUNCTION = YES;
				GCC_WARN_UNUSED_VARIABLE = YES;
				IPHONEOS_DEPLOYMENT_TARGET = 16.2;
				MTL_ENABLE_DEBUG_INFO = NO;
				MTL_FAST_MATH = YES;
				SDKROOT = iphoneos;
				SWIFT_COMPILATION_MODE = wholemodule;
				SWIFT_OPTIMIZATION_LEVEL = "-O";
				VALIDATE_PRODUCT = YES;
			};
			name = Release;
		};
		D4CF163029923BEB003922AD /* Debug */ = {
			isa = XCBuildConfiguration;
			buildSettings = {
				ASSETCATALOG_COMPILER_APPICON_NAME = AppIcon;
				ASSETCATALOG_COMPILER_GLOBAL_ACCENT_COLOR_NAME = AccentColor;
				CODE_SIGN_STYLE = Automatic;
				CURRENT_PROJECT_VERSION = 1;
				DEVELOPMENT_ASSET_PATHS = "\"iHero/Preview Content\"";
				DEVELOPMENT_TEAM = DLY9DRQ866;
				ENABLE_PREVIEWS = YES;
				GENERATE_INFOPLIST_FILE = YES;
				INFOPLIST_KEY_LSApplicationCategoryType = "public.app-category.education";
				INFOPLIST_KEY_UIApplicationSceneManifest_Generation = YES;
				INFOPLIST_KEY_UIApplicationSupportsIndirectInputEvents = YES;
				INFOPLIST_KEY_UILaunchScreen_Generation = YES;
				INFOPLIST_KEY_UISupportedInterfaceOrientations_iPad = "UIInterfaceOrientationPortrait UIInterfaceOrientationPortraitUpsideDown UIInterfaceOrientationLandscapeLeft UIInterfaceOrientationLandscapeRight";
				INFOPLIST_KEY_UISupportedInterfaceOrientations_iPhone = "UIInterfaceOrientationPortrait UIInterfaceOrientationLandscapeLeft UIInterfaceOrientationLandscapeRight";
				LD_RUNPATH_SEARCH_PATHS = (
					"$(inherited)",
					"@executable_path/Frameworks",
				);
				MARKETING_VERSION = 1.0;
				PRODUCT_BUNDLE_IDENTIFIER = com.example.iHero;
				PRODUCT_NAME = "$(TARGET_NAME)";
				SWIFT_EMIT_LOC_STRINGS = YES;
				SWIFT_VERSION = 5.0;
				TARGETED_DEVICE_FAMILY = "1,2";
			};
			name = Debug;
		};
		D4CF163129923BEB003922AD /* Release */ = {
			isa = XCBuildConfiguration;
			buildSettings = {
				ASSETCATALOG_COMPILER_APPICON_NAME = AppIcon;
				ASSETCATALOG_COMPILER_GLOBAL_ACCENT_COLOR_NAME = AccentColor;
				CODE_SIGN_STYLE = Automatic;
				CURRENT_PROJECT_VERSION = 1;
				DEVELOPMENT_ASSET_PATHS = "\"iHero/Preview Content\"";
				DEVELOPMENT_TEAM = DLY9DRQ866;
				ENABLE_PREVIEWS = YES;
				GENERATE_INFOPLIST_FILE = YES;
				INFOPLIST_KEY_LSApplicationCategoryType = "public.app-category.education";
				INFOPLIST_KEY_UIApplicationSceneManifest_Generation = YES;
				INFOPLIST_KEY_UIApplicationSupportsIndirectInputEvents = YES;
				INFOPLIST_KEY_UILaunchScreen_Generation = YES;
				INFOPLIST_KEY_UISupportedInterfaceOrientations_iPad = "UIInterfaceOrientationPortrait UIInterfaceOrientationPortraitUpsideDown UIInterfaceOrientationLandscapeLeft UIInterfaceOrientationLandscapeRight";
				INFOPLIST_KEY_UISupportedInterfaceOrientations_iPhone = "UIInterfaceOrientationPortrait UIInterfaceOrientationLandscapeLeft UIInterfaceOrientationLandscapeRight";
				LD_RUNPATH_SEARCH_PATHS = (
					"$(inherited)",
					"@executable_path/Frameworks",
				);
				MARKETING_VERSION = 1.0;
				PRODUCT_BUNDLE_IDENTIFIER = com.example.iHero;
				PRODUCT_NAME = "$(TARGET_NAME)";
				SWIFT_EMIT_LOC_STRINGS = YES;
				SWIFT_VERSION = 5.0;
				TARGETED_DEVICE_FAMILY = "1,2";
			};
			name = Release;
		};
/* End XCBuildConfiguration section */

/* Begin XCConfigurationList section */
		D4CF161729923BEA003922AD /* Build configuration list for PBXProject "iHero" */ = {
			isa = XCConfigurationList;
			buildConfigurations = (
				D4CF162D29923BEB003922AD /* Debug */,
				D4CF162E29923BEB003922AD /* Release */,
			);
			defaultConfigurationIsVisible = 0;
			defaultConfigurationName = Release;
		};
		D4CF162F29923BEB003922AD /* Build configuration list for PBXNativeTarget "iHero" */ = {
			isa = XCConfigurationList;
			buildConfigurations = (
				D4CF163029923BEB003922AD /* Debug */,
				D4CF163129923BEB003922AD /* Release */,
			);
			defaultConfigurationIsVisible = 0;
			defaultConfigurationName = Release;
		};
/* End XCConfigurationList section */

/* Begin XCVersionGroup section */
		D4CF162A29923BEB003922AD /* iHero.xcdatamodeld */ = {
			isa = XCVersionGroup;
			children = (
				D4CF162B29923BEB003922AD /* iHero.xcdatamodel */,
			);
			currentVersion = D4CF162B29923BEB003922AD /* iHero.xcdatamodel */;
			path = iHero.xcdatamodeld;
			sourceTree = "<group>";
			versionGroupType = wrapper.xcdatamodel;
		};
/* End XCVersionGroup section */
	};
	rootObject = D4CF161429923BEA003922AD /* Project object */;
}
